
Microsoft Visual Studio Solution File, Format Version 12.00
# Visual Studio Version 16
VisualStudioVersion = 16.0.30011.22
MinimumVisualStudioVersion = 10.0.40219.1
Project("{F184B08F-C81C-45F6-A57F-5ABD9991F28F}") = "RandomStrings", "RandomStrings.vbproj", "{86EA9BE7-51D5-4E9E-868E-B9EC39253FEC}"
EndProject
Global
	GlobalSection(SolutionConfigurationPlatforms) = preSolution
		Debug|x86 = Debug|x86
		Release|x86 = Release|x86
	EndGlobalSection
	GlobalSection(ProjectConfigurationPlatforms) = postSolution
		{86EA9BE7-51D5-4E9E-868E-B9EC39253FEC}.Debug|x86.ActiveCfg = Debug|x86
		{86EA9BE7-51D5-4E9E-868E-B9EC39253FEC}.Debug|x86.Build.0 = Debug|x86
		{86EA9BE7-51D5-4E9E-868E-B9EC39253FEC}.Release|x86.ActiveCfg = Release|x86
		{86EA9BE7-51D5-4E9E-868E-B9EC39253FEC}.Release|x86.Build.0 = Release|x86
	EndGlobalSection
	GlobalSection(SolutionProperties) = preSolution
		HideSolutionNode = FALSE
	EndGlobalSection
	GlobalSection(ExtensibilityGlobals) = postSolution
		SolutionGuid = {55B797F6-E61E-40B0-8BEF-FC4254C81540}
	EndGlobalSection
EndGlobal
